{
  "name": "npm312454",
  "version": "1.0.0",
  "lockfileVersion": 1,
  "dependencies": {
    "jquery": {
      "version": "3.2.1",
      "resolved": "http://registry.npm.taobao.org/jquery/download/jquery-3.2.1.tgz",
      "integrity": "sha1-XE2d5lKvbNCncBVKYxu6ErAVx4c="
    },
    "jw-handsome": {
      "version": "1.0.0",
      "resolved": "https://registry.npmjs.org/jw-handsome/-/jw-handsome-1.0.0.tgz",
      "integrity": "sha1-NaZ6ELSiSQoM97nskzA1gOC3pao=",
      "dependencies": {
        "jquery": {
          "version": "2.2.4",
          "resolved": "https://registry.npmjs.org/jquery/-/jquery-2.2.4.tgz",
          "integrity": "sha1-LInWiJterFIqfuoywUUhVZxsvwI="
        }
      }
    }
  }
}
